
Microsoft Visual Studio Solution File, Format Version 12.00
# Visual Studio Version 16
VisualStudioVersion = 16.0.33027.164
MinimumVisualStudioVersion = 10.0.40219.1
Project("{FAE04EC0-301F-11D3-BF4B-00C04F79EFBC}") = "LibraryManagementSystem", "LibraryManagementSystem.csproj", "{6A3FE7EB-F7DF-4EB4-9E95-BCB7501E9C6E}"
EndProject
Global
	GlobalSection(SolutionConfigurationPlatforms) = preSolution
		Debug|Any CPU = Debug|Any CPU
		Release|Any CPU = Release|Any CPU
	EndGlobalSection
	GlobalSection(ProjectConfigurationPlatforms) = postSolution
		{6A3FE7EB-F7DF-4EB4-9E95-BCB7501E9C6E}.Debug|Any CPU.ActiveCfg = Debug|Any CPU
		{6A3FE7EB-F7DF-4EB4-9E95-BCB7501E9C6E}.Debug|Any CPU.Build.0 = Debug|Any CPU
		{6A3FE7EB-F7DF-4EB4-9E95-BCB7501E9C6E}.Release|Any CPU.ActiveCfg = Release|Any CPU
		{6A3FE7EB-F7DF-4EB4-9E95-BCB7501E9C6E}.Release|Any CPU.Build.0 = Release|Any CPU
	EndGlobalSection
	GlobalSection(SolutionProperties) = preSolution
		HideSolutionNode = FALSE
	EndGlobalSection
	GlobalSection(ExtensibilityGlobals) = postSolution
		SolutionGuid = {F7F6C682-ACDD-4661-A4F6-A01F9C31F251}
	EndGlobalSection
EndGlobal
